
Microsoft Visual Studio Solution File, Format Version 11.00
# Visual Studio 2010
Project("{8BC9CEB8-8B4A-11D0-8D11-00A0C91BC942}") = "calc_dll_inject", "calc_dll_inject\calc_dll_inject.vcxproj", "{F031827C-3846-4E0E-990A-17714D031513}"
EndProject
Global
	GlobalSection(SolutionConfigurationPlatforms) = preSolution
		Debug|Win32 = Debug|Win32
		Release|Win32 = Release|Win32
	EndGlobalSection
	GlobalSection(ProjectConfigurationPlatforms) = postSolution
		{F031827C-3846-4E0E-990A-17714D031513}.Debug|Win32.ActiveCfg = Debug|Win32
		{F031827C-3846-4E0E-990A-17714D031513}.Debug|Win32.Build.0 = Debug|Win32
		{F031827C-3846-4E0E-990A-17714D031513}.Release|Win32.ActiveCfg = Release|Win32
		{F031827C-3846-4E0E-990A-17714D031513}.Release|Win32.Build.0 = Release|Win32
	EndGlobalSection
	GlobalSection(SolutionProperties) = preSolution
		HideSolutionNode = FALSE
	EndGlobalSection
EndGlobal
